
Microsoft Visual Studio Solution File, Format Version 11.00
# Visual Studio 2010
Project("{FAE04EC0-301F-11D3-BF4B-00C04F79EFBC}") = "TangoTester", "Assembly-CSharp.csproj", "{B0A8A5D4-3D15-C954-08E8-A9BED275DAA8}"
EndProject
Project("{FAE04EC0-301F-11D3-BF4B-00C04F79EFBC}") = "TangoTester", "Assembly-CSharp-Editor.csproj", "{0370A516-862A-DC10-DEAD-EFF66BDF0800}"
EndProject
Global
	GlobalSection(SolutionConfigurationPlatforms) = preSolution
		Debug|Any CPU = Debug|Any CPU
		Release|Any CPU = Release|Any CPU
	EndGlobalSection
	GlobalSection(ProjectConfigurationPlatforms) = postSolution
		{B0A8A5D4-3D15-C954-08E8-A9BED275DAA8}.Debug|Any CPU.ActiveCfg = Debug|Any CPU
		{B0A8A5D4-3D15-C954-08E8-A9BED275DAA8}.Debug|Any CPU.Build.0 = Debug|Any CPU
		{B0A8A5D4-3D15-C954-08E8-A9BED275DAA8}.Release|Any CPU.ActiveCfg = Release|Any CPU
		{B0A8A5D4-3D15-C954-08E8-A9BED275DAA8}.Release|Any CPU.Build.0 = Release|Any CPU
		{0370A516-862A-DC10-DEAD-EFF66BDF0800}.Debug|Any CPU.ActiveCfg = Debug|Any CPU
		{0370A516-862A-DC10-DEAD-EFF66BDF0800}.Debug|Any CPU.Build.0 = Debug|Any CPU
		{0370A516-862A-DC10-DEAD-EFF66BDF0800}.Release|Any CPU.ActiveCfg = Release|Any CPU
		{0370A516-862A-DC10-DEAD-EFF66BDF0800}.Release|Any CPU.Build.0 = Release|Any CPU
	EndGlobalSection
	GlobalSection(SolutionProperties) = preSolution
		HideSolutionNode = FALSE
	EndGlobalSection
	GlobalSection(MonoDevelopProperties) = preSolution
		StartupItem = Assembly-CSharp.csproj
	EndGlobalSection
EndGlobal
